
Microsoft Visual Studio Solution File, Format Version 12.00
Project("{FAE04EC0-301F-11D3-BF4B-00C04F79EFBC}") = "wishlist", "wishlist\wishlist.csproj", "{9317FF0F-97B3-496E-B50E-1527424A3BEA}"
EndProject
Global
	GlobalSection(SolutionConfigurationPlatforms) = preSolution
		Debug|Any CPU = Debug|Any CPU
		Release|Any CPU = Release|Any CPU
	EndGlobalSection
	GlobalSection(ProjectConfigurationPlatforms) = postSolution
		{9317FF0F-97B3-496E-B50E-1527424A3BEA}.Debug|Any CPU.ActiveCfg = Debug|Any CPU
		{9317FF0F-97B3-496E-B50E-1527424A3BEA}.Debug|Any CPU.Build.0 = Debug|Any CPU
		{9317FF0F-97B3-496E-B50E-1527424A3BEA}.Release|Any CPU.ActiveCfg = Release|Any CPU
		{9317FF0F-97B3-496E-B50E-1527424A3BEA}.Release|Any CPU.Build.0 = Release|Any CPU
	EndGlobalSection
EndGlobal
